
Microsoft Visual Studio Solution File, Format Version 12.00
# Visual Studio Version 16
VisualStudioVersion = 16.0.31515.178
MinimumVisualStudioVersion = 10.0.40219.1
Project("{8BC9CEB8-8B4A-11D0-8D11-00A0C91BC942}") = "grid test", "grid test\grid test.vcxproj", "{CB75E500-CE4B-4E95-9532-B51D48D718E1}"
EndProject
Global
	GlobalSection(SolutionConfigurationPlatforms) = preSolution
		Debug|x64 = Debug|x64
		Debug|x86 = Debug|x86
		Release|x64 = Release|x64
		Release|x86 = Release|x86
	EndGlobalSection
	GlobalSection(ProjectConfigurationPlatforms) = postSolution
		{CB75E500-CE4B-4E95-9532-B51D48D718E1}.Debug|x64.ActiveCfg = Debug|x64
		{CB75E500-CE4B-4E95-9532-B51D48D718E1}.Debug|x64.Build.0 = Debug|x64
		{CB75E500-CE4B-4E95-9532-B51D48D718E1}.Debug|x86.ActiveCfg = Debug|Win32
		{CB75E500-CE4B-4E95-9532-B51D48D718E1}.Debug|x86.Build.0 = Debug|Win32
		{CB75E500-CE4B-4E95-9532-B51D48D718E1}.Release|x64.ActiveCfg = Release|x64
		{CB75E500-CE4B-4E95-9532-B51D48D718E1}.Release|x64.Build.0 = Release|x64
		{CB75E500-CE4B-4E95-9532-B51D48D718E1}.Release|x86.ActiveCfg = Release|Win32
		{CB75E500-CE4B-4E95-9532-B51D48D718E1}.Release|x86.Build.0 = Release|Win32
	EndGlobalSection
	GlobalSection(SolutionProperties) = preSolution
		HideSolutionNode = FALSE
	EndGlobalSection
	GlobalSection(ExtensibilityGlobals) = postSolution
		SolutionGuid = {1E07901E-E087-4B17-A246-849C95F0F450}
	EndGlobalSection
EndGlobal
